
Microsoft Visual Studio Solution File, Format Version 12.00
# Visual Studio Version 17
VisualStudioVersion = 17.0.32014.148
MinimumVisualStudioVersion = 10.0.40219.1
Project("{FAE04EC0-301F-11D3-BF4B-00C04F79EFBC}") = "WebApplication18", "WebApplication18\WebApplication18.csproj", "{AB90E5D4-A611-48CC-9628-4276BA1EB1ED}"
EndProject
Global
	GlobalSection(SolutionConfigurationPlatforms) = preSolution
		Debug|Any CPU = Debug|Any CPU
		Release|Any CPU = Release|Any CPU
	EndGlobalSection
	GlobalSection(ProjectConfigurationPlatforms) = postSolution
		{AB90E5D4-A611-48CC-9628-4276BA1EB1ED}.Debug|Any CPU.ActiveCfg = Debug|Any CPU
		{AB90E5D4-A611-48CC-9628-4276BA1EB1ED}.Debug|Any CPU.Build.0 = Debug|Any CPU
		{AB90E5D4-A611-48CC-9628-4276BA1EB1ED}.Release|Any CPU.ActiveCfg = Release|Any CPU
		{AB90E5D4-A611-48CC-9628-4276BA1EB1ED}.Release|Any CPU.Build.0 = Release|Any CPU
	EndGlobalSection
	GlobalSection(SolutionProperties) = preSolution
		HideSolutionNode = FALSE
	EndGlobalSection
	GlobalSection(ExtensibilityGlobals) = postSolution
		SolutionGuid = {D4A18BD8-8349-4EB4-A611-253B98D4B6A9}
	EndGlobalSection
EndGlobal
